{
  "pins" : [
    {
      "identity" : "swift-argument-parser",
      "kind" : "remoteSourceControl",
      "location" : "https://github.com/apple/swift-argument-parser.git",
      "state" : {
        "revision" : "fee6933f37fde9a5e12a1e4aeaa93fe60116ff2a",
        "version" : "1.2.2"
      }
    },
    {
      "identity" : "swiftserial",
      "kind" : "remoteSourceControl",
      "location" : "https://github.com/yeokm1/swiftserial.git",
      "state" : {
        "revision" : "0e824cc38c6802e69543d0c1406d34babfd68e2e",
        "version" : "0.1.2"
      }
    }
  ],
  "version" : 2
}
