{
  "pins" : [
    {
      "identity" : "swift-argument-parser",
      "kind" : "remoteSourceControl",
      "location" : "https://github.com/apple/swift-argument-parser.git",
      "state" : {
        "revision" : "46989693916f56d1186bd59ac15124caef896560",
        "version" : "1.3.1"
      }
    },
    {
      "identity" : "swift-syntax",
      "kind" : "remoteSourceControl",
      "location" : "https://github.com/swiftlang/swift-syntax.git",
      "state" : {
        "revision" : "0687f71944021d616d34d922343dcef086855920",
        "version" : "600.0.1"
      }
    },
    {
      "identity" : "swiftcurses",
      "kind" : "remoteSourceControl",
      "location" : "https://github.com/Jomy10/SwiftCurses.git",
      "state" : {
        "branch" : "master",
        "revision" : "5513ba40c61de3234ed09c06a3b2a42c5b3153ad"
      }
    },
    {
      "identity" : "swiftserial",
      "kind" : "remoteSourceControl",
      "location" : "https://github.com/mredig/SwiftSerial.git",
      "state" : {
        "revision" : "764bf55dc7667f665934ce69d63211471bf55b0f",
        "version" : "0.1.5"
      }
    }
  ],
  "version" : 2
}
